// !$*UTF8*$!
{
	archiveVersion = 1;
	classes = {
	};
	objectVersion = 46;
	objects = {

/* Begin PBXBuildFile section */
		9114B0D41CF1B27900A015D4 /* main.m in Sources */ = {isa = PBXBuildFile; fileRef = 9114B0D31CF1B27900A015D4 /* main.m */; };
		9114B0D71CF1B27900A015D4 /* AppDelegate.m in Sources */ = {isa = PBXBuildFile; fileRef = 9114B0D61CF1B27900A015D4 /* AppDelegate.m */; };
		9114B0DA1CF1B27900A015D4 /* ViewController.m in Sources */ = {isa = PBXBuildFile; fileRef = 9114B0D91CF1B27900A015D4 /* ViewController.m */; };
		9114B0DD1CF1B27900A015D4 /* Main.storyboard in Resources */ = {isa = PBXBuildFile; fileRef = 9114B0DB1CF1B27900A015D4 /* Main.storyboard */; };
		9114B0DF1CF1B27900A015D4 /* Assets.xcassets in Resources */ = {isa = PBXBuildFile; fileRef = 9114B0DE1CF1B27900A015D4 /* Assets.xcassets */; };
		9114B0E21CF1B27900A015D4 /* LaunchScreen.storyboard in Resources */ = {isa = PBXBuildFile; fileRef = 9114B0E01CF1B27900A015D4 /* LaunchScreen.storyboard */; };
		9114B0ED1CF1B27900A015D4 /* TapperObjectiveCTests.m in Sources */ = {isa = PBXBuildFile; fileRef = 9114B0EC1CF1B27900A015D4 /* TapperObjectiveCTests.m */; };
		9114B0F81CF1B27900A015D4 /* TapperObjectiveCUITests.m in Sources */ = {isa = PBXBuildFile; fileRef = 9114B0F71CF1B27900A015D4 /* TapperObjectiveCUITests.m */; };
/* End PBXBuildFile section */

/* Begin PBXContainerItemProxy section */
		9114B0E91CF1B27900A015D4 /* PBXContainerItemProxy */ = {
			isa = PBXContainerItemProxy;
			containerPortal = 9114B0C71CF1B27900A015D4 /* Project object */;
			proxyType = 1;
			remoteGlobalIDString = 9114B0CE1CF1B27900A015D4;
			remoteInfo = TapperObjectiveC;
		};
		9114B0F41CF1B27900A015D4 /* PBXContainerItemProxy */ = {
			isa = PBXContainerItemProxy;
			containerPortal = 9114B0C71CF1B27900A015D4 /* Project object */;
			proxyType = 1;
			remoteGlobalIDString = 9114B0CE1CF1B27900A015D4;
			remoteInfo = TapperObjectiveC;
		};
/* End PBXContainerItemProxy section */

/* Begin PBXFileReference section */
		9114B0CF1CF1B27900A015D4 /* TapperObjectiveC.app */ = {isa = PBXFileReference; explicitFileType = wrapper.application; includeInIndex = 0; path = TapperObjectiveC.app; sourceTree = BUILT_PRODUCTS_DIR; };
		9114B0D31CF1B27900A015D4 /* main.m */ = {isa = PBXFileReference; lastKnownFileType = sourcecode.c.objc; path = main.m; sourceTree = "<group>"; };
		9114B0D51CF1B27900A015D4 /* AppDelegate.h */ = {isa = PBXFileReference; lastKnownFileType = sourcecode.c.h; path = AppDelegate.h; sourceTree = "<group>"; };
		9114B0D61CF1B27900A015D4 /* AppDelegate.m */ = {isa = PBXFileReference; lastKnownFileType = sourcecode.c.objc; path = AppDelegate.m; sourceTree = "<group>"; };
		9114B0D81CF1B27900A015D4 /* ViewController.h */ = {isa = PBXFileReference; lastKnownFileType = sourcecode.c.h; path = ViewController.h; sourceTree = "<group>"; };
		9114B0D91CF1B27900A015D4 /* ViewController.m */ = {isa = PBXFileReference; lastKnownFileType = sourcecode.c.objc; path = ViewController.m; sourceTree = "<group>"; };
		9114B0DC1CF1B27900A015D4 /* Base */ = {isa = PBXFileReference; lastKnownFileType = file.storyboard; name = Base; path = Base.lproj/Main.storyboard; sourceTree = "<group>"; };
		9114B0DE1CF1B27900A015D4 /* Assets.xcassets */ = {isa = PBXFileReference; lastKnownFileType = folder.assetcatalog; path = Assets.xcassets; sourceTree = "<group>"; };
		9114B0E11CF1B27900A015D4 /* Base */ = {isa = PBXFileReference; lastKnownFileType = file.storyboard; name = Base; path = Base.lproj/LaunchScreen.storyboard; sourceTree = "<group>"; };
		9114B0E31CF1B27900A015D4 /* Info.plist */ = {isa = PBXFileReference; lastKnownFileType = text.plist.xml; path = Info.plist; sourceTree = "<group>"; };
		9114B0E81CF1B27900A015D4 /* TapperObjectiveCTests.xctest */ = {isa = PBXFileReference; explicitFileType = wrapper.cfbundle; includeInIndex = 0; path = TapperObjectiveCTests.xctest; sourceTree = BUILT_PRODUCTS_DIR; };
		9114B0EC1CF1B27900A015D4 /* TapperObjectiveCTests.m */ = {isa = PBXFileReference; lastKnownFileType = sourcecode.c.objc; path = TapperObjectiveCTests.m; sourceTree = "<group>"; };
		9114B0EE1CF1B27900A015D4 /* Info.plist */ = {isa = PBXFileReference; lastKnownFileType = text.plist.xml; path = Info.plist; sourceTree = "<group>"; };
		9114B0F31CF1B27900A015D4 /* TapperObjectiveCUITests.xctest */ = {isa = PBXFileReference; explicitFileType = wrapper.cfbundle; includeInIndex = 0; path = TapperObjectiveCUITests.xctest; sourceTree = BUILT_PRODUCTS_DIR; };
		9114B0F71CF1B27900A015D4 /* TapperObjectiveCUITests.m */ = {isa = PBXFileReference; lastKnownFileType = sourcecode.c.objc; path = TapperObjectiveCUITests.m; sourceTree = "<group>"; };
		9114B0F91CF1B27900A015D4 /* Info.plist */ = {isa = PBXFileReference; lastKnownFileType = text.plist.xml; path = Info.plist; sourceTree = "<group>"; };
/* End PBXFileReference section */

/* Begin PBXFrameworksBuildPhase section */
		9114B0CC1CF1B27900A015D4 /* Frameworks */ = {
			isa = PBXFrameworksBuildPhase;
			buildActionMask = 2147483647;
			files = (
			);
			runOnlyForDeploymentPostprocessing = 0;
		};
		9114B0E51CF1B27900A015D4 /* Frameworks */ = {
			isa = PBXFrameworksBuildPhase;
			buildActionMask = 2147483647;
			files = (
			);
			runOnlyForDeploymentPostprocessing = 0;
		};
		9114B0F01CF1B27900A015D4 /* Frameworks */ = {
			isa = PBXFrameworksBuildPhase;
			buildActionMask = 2147483647;
			files = (
			);
			runOnlyForDeploymentPostprocessing = 0;
		};
/* End PBXFrameworksBuildPhase section */

/* Begin PBXGroup section */
		9114B0C61CF1B27900A015D4 = {
			isa = PBXGroup;
			children = (
				9114B0D11CF1B27900A015D4 /* TapperObjectiveC */,
				9114B0EB1CF1B27900A015D4 /* TapperObjectiveCTests */,
				9114B0F61CF1B27900A015D4 /* TapperObjectiveCUITests */,
				9114B0D01CF1B27900A015D4 /* Products */,
			);
			sourceTree = "<group>";
		};
		9114B0D01CF1B27900A015D4 /* Products */ = {
			isa = PBXGroup;
			children = (
				9114B0CF1CF1B27900A015D4 /* TapperObjectiveC.app */,
				9114B0E81CF1B27900A015D4 /* TapperObjectiveCTests.xctest */,
				9114B0F31CF1B27900A015D4 /* TapperObjectiveCUITests.xctest */,
			);
			name = Products;
			sourceTree = "<group>";
		};
		9114B0D11CF1B27900A015D4 /* TapperObjectiveC */ = {
			isa = PBXGroup;
			children = (
				9114B0D51CF1B27900A015D4 /* AppDelegate.h */,
				9114B0D61CF1B27900A015D4 /* AppDelegate.m */,
				9114B0D81CF1B27900A015D4 /* ViewController.h */,
				9114B0D91CF1B27900A015D4 /* ViewController.m */,
				9114B0DB1CF1B27900A015D4 /* Main.storyboard */,
				9114B0DE1CF1B27900A015D4 /* Assets.xcassets */,
				9114B0E01CF1B27900A015D4 /* LaunchScreen.storyboard */,
				9114B0E31CF1B27900A015D4 /* Info.plist */,
				9114B0D21CF1B27900A015D4 /* Supporting Files */,
			);
			path = TapperObjectiveC;
			sourceTree = "<group>";
		};
		9114B0D21CF1B27900A015D4 /* Supporting Files */ = {
			isa = PBXGroup;
			children = (
				9114B0D31CF1B27900A015D4 /* main.m */,
			);
			name = "Supporting Files";
			sourceTree = "<group>";
		};
		9114B0EB1CF1B27900A015D4 /* TapperObjectiveCTests */ = {
			isa = PBXGroup;
			children = (
				9114B0EC1CF1B27900A015D4 /* TapperObjectiveCTests.m */,
				9114B0EE1CF1B27900A015D4 /* Info.plist */,
			);
			path = TapperObjectiveCTests;
			sourceTree = "<group>";
		};
		9114B0F61CF1B27900A015D4 /* TapperObjectiveCUITests */ = {
			isa = PBXGroup;
			children = (
				9114B0F71CF1B27900A015D4 /* TapperObjectiveCUITests.m */,
				9114B0F91CF1B27900A015D4 /* Info.plist */,
			);
			path = TapperObjectiveCUITests;
			sourceTree = "<group>";
		};
/* End PBXGroup section */

/* Begin PBXNativeTarget section */
		9114B0CE1CF1B27900A015D4 /* TapperObjectiveC */ = {
			isa = PBXNativeTarget;
			buildConfigurationList = 9114B0FC1CF1B27900A015D4 /* Build configuration list for PBXNativeTarget "TapperObjectiveC" */;
			buildPhases = (
				9114B0CB1CF1B27900A015D4 /* Sources */,
				9114B0CC1CF1B27900A015D4 /* Frameworks */,
				9114B0CD1CF1B27900A015D4 /* Resources */,
			);
			buildRules = (
			);
			dependencies = (
			);
			name = TapperObjectiveC;
			productName = TapperObjectiveC;
			productReference = 9114B0CF1CF1B27900A015D4 /* TapperObjectiveC.app */;
			productType = "com.apple.product-type.application";
		};
		9114B0E71CF1B27900A015D4 /* TapperObjectiveCTests */ = {
			isa = PBXNativeTarget;
			buildConfigurationList = 9114B0FF1CF1B27900A015D4 /* Build configuration list for PBXNativeTarget "TapperObjectiveCTests" */;
			buildPhases = (
				9114B0E41CF1B27900A015D4 /* Sources */,
				9114B0E51CF1B27900A015D4 /* Frameworks */,
				9114B0E61CF1B27900A015D4 /* Resources */,
			);
			buildRules = (
			);
			dependencies = (
				9114B0EA1CF1B27900A015D4 /* PBXTargetDependency */,
			);
			name = TapperObjectiveCTests;
			productName = TapperObjectiveCTests;
			productReference = 9114B0E81CF1B27900A015D4 /* TapperObjectiveCTests.xctest */;
			productType = "com.apple.product-type.bundle.unit-test";
		};
		9114B0F21CF1B27900A015D4 /* TapperObjectiveCUITests */ = {
			isa = PBXNativeTarget;
			buildConfigurationList = 9114B1021CF1B27900A015D4 /* Build configuration list for PBXNativeTarget "TapperObjectiveCUITests" */;
			buildPhases = (
				9114B0EF1CF1B27900A015D4 /* Sources */,
				9114B0F01CF1B27900A015D4 /* Frameworks */,
				9114B0F11CF1B27900A015D4 /* Resources */,
			);
			buildRules = (
			);
			dependencies = (
				9114B0F51CF1B27900A015D4 /* PBXTargetDependency */,
			);
			name = TapperObjectiveCUITests;
			productName = TapperObjectiveCUITests;
			productReference = 9114B0F31CF1B27900A015D4 /* TapperObjectiveCUITests.xctest */;
			productType = "com.apple.product-type.bundle.ui-testing";
		};
/* End PBXNativeTarget section */

/* Begin PBXProject section */
		9114B0C71CF1B27900A015D4 /* Project object */ = {
			isa = PBXProject;
			attributes = {
				LastUpgradeCheck = 0730;
				ORGANIZATIONNAME = "Stanley Pan";
				TargetAttributes = {
					9114B0CE1CF1B27900A015D4 = {
						CreatedOnToolsVersion = 7.3.1;
						DevelopmentTeam = P48JT8XFF3;
					};
					9114B0E71CF1B27900A015D4 = {
						CreatedOnToolsVersion = 7.3.1;
						DevelopmentTeam = P48JT8XFF3;
						TestTargetID = 9114B0CE1CF1B27900A015D4;
					};
					9114B0F21CF1B27900A015D4 = {
						CreatedOnToolsVersion = 7.3.1;
						DevelopmentTeam = P48JT8XFF3;
						TestTargetID = 9114B0CE1CF1B27900A015D4;
					};
				};
			};
			buildConfigurationList = 9114B0CA1CF1B27900A015D4 /* Build configuration list for PBXProject "TapperObjectiveC" */;
			compatibilityVersion = "Xcode 3.2";
			developmentRegion = English;
			hasScannedForEncodings = 0;
			knownRegions = (
				en,
				Base,
			);
			mainGroup = 9114B0C61CF1B27900A015D4;
			productRefGroup = 9114B0D01CF1B27900A015D4 /* Products */;
			projectDirPath = "";
			projectRoot = "";
			targets = (
				9114B0CE1CF1B27900A015D4 /* TapperObjectiveC */,
				9114B0E71CF1B27900A015D4 /* TapperObjectiveCTests */,
				9114B0F21CF1B27900A015D4 /* TapperObjectiveCUITests */,
			);
		};
/* End PBXProject section */

/* Begin PBXResourcesBuildPhase section */
		9114B0CD1CF1B27900A015D4 /* Resources */ = {
			isa = PBXResourcesBuildPhase;
			buildActionMask = 2147483647;
			files = (
				9114B0E21CF1B27900A015D4 /* LaunchScreen.storyboard in Resources */,
				9114B0DF1CF1B27900A015D4 /* Assets.xcassets in Resources */,
				9114B0DD1CF1B27900A015D4 /* Main.storyboard in Resources */,
			);
			runOnlyForDeploymentPostprocessing = 0;
		};
		9114B0E61CF1B27900A015D4 /* Resources */ = {
			isa = PBXResourcesBuildPhase;
			buildActionMask = 2147483647;
			files = (
			);
			runOnlyForDeploymentPostprocessing = 0;
		};
		9114B0F11CF1B27900A015D4 /* Resources */ = {
			isa = PBXResourcesBuildPhase;
			buildActionMask = 2147483647;
			files = (
			);
			runOnlyForDeploymentPostprocessing = 0;
		};
/* End PBXResourcesBuildPhase section */

/* Begin PBXSourcesBuildPhase section */
		9114B0CB1CF1B27900A015D4 /* Sources */ = {
			isa = PBXSourcesBuildPhase;
			buildActionMask = 2147483647;
			files = (
				9114B0DA1CF1B27900A015D4 /* ViewController.m in Sources */,
				9114B0D71CF1B27900A015D4 /* AppDelegate.m in Sources */,
				9114B0D41CF1B27900A015D4 /* main.m in Sources */,
			);
			runOnlyForDeploymentPostprocessing = 0;
		};
		9114B0E41CF1B27900A015D4 /* Sources */ = {
			isa = PBXSourcesBuildPhase;
			buildActionMask = 2147483647;
			files = (
				9114B0ED1CF1B27900A015D4 /* TapperObjectiveCTests.m in Sources */,
			);
			runOnlyForDeploymentPostprocessing = 0;
		};
		9114B0EF1CF1B27900A015D4 /* Sources */ = {
			isa = PBXSourcesBuildPhase;
			buildActionMask = 2147483647;
			files = (
				9114B0F81CF1B27900A015D4 /* TapperObjectiveCUITests.m in Sources */,
			);
			runOnlyForDeploymentPostprocessing = 0;
		};
/* End PBXSourcesBuildPhase section */

/* Begin PBXTargetDependency section */
		9114B0EA1CF1B27900A015D4 /* PBXTargetDependency */ = {
			isa = PBXTargetDependency;
			target = 9114B0CE1CF1B27900A015D4 /* TapperObjectiveC */;
			targetProxy = 9114B0E91CF1B27900A015D4 /* PBXContainerItemProxy */;
		};
		9114B0F51CF1B27900A015D4 /* PBXTargetDependency */ = {
			isa = PBXTargetDependency;
			target = 9114B0CE1CF1B27900A015D4 /* TapperObjectiveC */;
			targetProxy = 9114B0F41CF1B27900A015D4 /* PBXContainerItemProxy */;
		};
/* End PBXTargetDependency section */

/* Begin PBXVariantGroup section */
		9114B0DB1CF1B27900A015D4 /* Main.storyboard */ = {
			isa = PBXVariantGroup;
			children = (
				9114B0DC1CF1B27900A015D4 /* Base */,
			);
			name = Main.storyboard;
			sourceTree = "<group>";
		};
		9114B0E01CF1B27900A015D4 /* LaunchScreen.storyboard */ = {
			isa = PBXVariantGroup;
			children = (
				9114B0E11CF1B27900A015D4 /* Base */,
			);
			name = LaunchScreen.storyboard;
			sourceTree = "<group>";
		};
/* End PBXVariantGroup section */

/* Begin XCBuildConfiguration section */
		9114B0FA1CF1B27900A015D4 /* Debug */ = {
			isa = XCBuildConfiguration;
			buildSettings = {
				ALWAYS_SEARCH_USER_PATHS = NO;
				CLANG_ANALYZER_NONNULL = YES;
				CLANG_CXX_LANGUAGE_STANDARD = "gnu++0x";
				CLANG_CXX_LIBRARY = "libc++";
				CLANG_ENABLE_MODULES = YES;
				CLANG_ENABLE_OBJC_ARC = YES;
				CLANG_WARN_BOOL_CONVERSION = YES;
				CLANG_WARN_CONSTANT_CONVERSION = YES;
				CLANG_WARN_DIRECT_OBJC_ISA_USAGE = YES_ERROR;
				CLANG_WARN_EMPTY_BODY = YES;
				CLANG_WARN_ENUM_CONVERSION = YES;
				CLANG_WARN_INT_CONVERSION = YES;
				CLANG_WARN_OBJC_ROOT_CLASS = YES_ERROR;
				CLANG_WARN_UNREACHABLE_CODE = YES;
				CLANG_WARN__DUPLICATE_METHOD_MATCH = YES;
				"CODE_SIGN_IDENTITY[sdk=iphoneos*]" = "iPhone Developer";
				COPY_PHASE_STRIP = NO;
				DEBUG_INFORMATION_FORMAT = dwarf;
				ENABLE_STRICT_OBJC_MSGSEND = YES;
				ENABLE_TESTABILITY = YES;
				GCC_C_LANGUAGE_STANDARD = gnu99;
				GCC_DYNAMIC_NO_PIC = NO;
				GCC_NO_COMMON_BLOCKS = YES;
				GCC_OPTIMIZATION_LEVEL = 0;
				GCC_PREPROCESSOR_DEFINITIONS = (
					"DEBUG=1",
					"$(inherited)",
				);
				GCC_WARN_64_TO_32_BIT_CONVERSION = YES;
				GCC_WARN_ABOUT_RETURN_TYPE = YES_ERROR;
				GCC_WARN_UNDECLARED_SELECTOR = YES;
				GCC_WARN_UNINITIALIZED_AUTOS = YES_AGGRESSIVE;
				GCC_WARN_UNUSED_FUNCTION = YES;
				GCC_WARN_UNUSED_VARIABLE = YES;
				IPHONEOS_DEPLOYMENT_TARGET = 9.3;
				MTL_ENABLE_DEBUG_INFO = YES;
				ONLY_ACTIVE_ARCH = YES;
				SDKROOT = iphoneos;
				TARGETED_DEVICE_FAMILY = "1,2";
			};
			name = Debug;
		};
		9114B0FB1CF1B27900A015D4 /* Release */ = {
			isa = XCBuildConfiguration;
			buildSettings = {
				ALWAYS_SEARCH_USER_PATHS = NO;
				CLANG_ANALYZER_NONNULL = YES;
				CLANG_CXX_LANGUAGE_STANDARD = "gnu++0x";
				CLANG_CXX_LIBRARY = "libc++";
				CLANG_ENABLE_MODULES = YES;
				CLANG_ENABLE_OBJC_ARC = YES;
				CLANG_WARN_BOOL_CONVERSION = YES;
				CLANG_WARN_CONSTANT_CONVERSION = YES;
				CLANG_WARN_DIRECT_OBJC_ISA_USAGE = YES_ERROR;
				CLANG_WARN_EMPTY_BODY = YES;
				CLANG_WARN_ENUM_CONVERSION = YES;
				CLANG_WARN_INT_CONVERSION = YES;
				CLANG_WARN_OBJC_ROOT_CLASS = YES_ERROR;
				CLANG_WARN_UNREACHABLE_CODE = YES;
				CLANG_WARN__DUPLICATE_METHOD_MATCH = YES;
				"CODE_SIGN_IDENTITY[sdk=iphoneos*]" = "iPhone Developer";
				COPY_PHASE_STRIP = NO;
				DEBUG_INFORMATION_FORMAT = "dwarf-with-dsym";
				ENABLE_NS_ASSERTIONS = NO;
				ENABLE_STRICT_OBJC_MSGSEND = YES;
				GCC_C_LANGUAGE_STANDARD = gnu99;
				GCC_NO_COMMON_BLOCKS = YES;
				GCC_WARN_64_TO_32_BIT_CONVERSION = YES;
				GCC_WARN_ABOUT_RETURN_TYPE = YES_ERROR;
				GCC_WARN_UNDECLARED_SELECTOR = YES;
				GCC_WARN_UNINITIALIZED_AUTOS = YES_AGGRESSIVE;
				GCC_WARN_UNUSED_FUNCTION = YES;
				GCC_WARN_UNUSED_VARIABLE = YES;
				IPHONEOS_DEPLOYMENT_TARGET = 9.3;
				MTL_ENABLE_DEBUG_INFO = NO;
				SDKROOT = iphoneos;
				TARGETED_DEVICE_FAMILY = "1,2";
				VALIDATE_PRODUCT = YES;
			};
			name = Release;
		};
		9114B0FD1CF1B27900A015D4 /* Debug */ = {
			isa = XCBuildConfiguration;
			buildSettings = {
				ASSETCATALOG_COMPILER_APPICON_NAME = AppIcon;
				INFOPLIST_FILE = TapperObjectiveC/Info.plist;
				LD_RUNPATH_SEARCH_PATHS = "$(inherited) @executable_path/Frameworks";
				PRODUCT_BUNDLE_IDENTIFIER = com.github.iMoment.TapperObjectiveC;
				PRODUCT_NAME = "$(TARGET_NAME)";
			};
			name = Debug;
		};
		9114B0FE1CF1B27900A015D4 /* Release */ = {
			isa = XCBuildConfiguration;
			buildSettings = {
				ASSETCATALOG_COMPILER_APPICON_NAME = AppIcon;
				INFOPLIST_FILE = TapperObjectiveC/Info.plist;
				LD_RUNPATH_SEARCH_PATHS = "$(inherited) @executable_path/Frameworks";
				PRODUCT_BUNDLE_IDENTIFIER = com.github.iMoment.TapperObjectiveC;
				PRODUCT_NAME = "$(TARGET_NAME)";
			};
			name = Release;
		};
		9114B1001CF1B27900A015D4 /* Debug */ = {
			isa = XCBuildConfiguration;
			buildSettings = {
				BUNDLE_LOADER = "$(TEST_HOST)";
				INFOPLIST_FILE = TapperObjectiveCTests/Info.plist;
				LD_RUNPATH_SEARCH_PATHS = "$(inherited) @executable_path/Frameworks @loader_path/Frameworks";
				PRODUCT_BUNDLE_IDENTIFIER = com.github.iMoment.TapperObjectiveCTests;
				PRODUCT_NAME = "$(TARGET_NAME)";
				TEST_HOST = "$(BUILT_PRODUCTS_DIR)/TapperObjectiveC.app/TapperObjectiveC";
			};
			name = Debug;
		};
		9114B1011CF1B27900A015D4 /* Release */ = {
			isa = XCBuildConfiguration;
			buildSettings = {
				BUNDLE_LOADER = "$(TEST_HOST)";
				INFOPLIST_FILE = TapperObjectiveCTests/Info.plist;
				LD_RUNPATH_SEARCH_PATHS = "$(inherited) @executable_path/Frameworks @loader_path/Frameworks";
				PRODUCT_BUNDLE_IDENTIFIER = com.github.iMoment.TapperObjectiveCTests;
				PRODUCT_NAME = "$(TARGET_NAME)";
				TEST_HOST = "$(BUILT_PRODUCTS_DIR)/TapperObjectiveC.app/TapperObjectiveC";
			};
			name = Release;
		};
		9114B1031CF1B27900A015D4 /* Debug */ = {
			isa = XCBuildConfiguration;
			buildSettings = {
				INFOPLIST_FILE = TapperObjectiveCUITests/Info.plist;
				LD_RUNPATH_SEARCH_PATHS = "$(inherited) @executable_path/Frameworks @loader_path/Frameworks";
				PRODUCT_BUNDLE_IDENTIFIER = com.github.iMoment.TapperObjectiveCUITests;
				PRODUCT_NAME = "$(TARGET_NAME)";
				TEST_TARGET_NAME = TapperObjectiveC;
			};
			name = Debug;
		};
		9114B1041CF1B27900A015D4 /* Release */ = {
			isa = XCBuildConfiguration;
			buildSettings = {
				INFOPLIST_FILE = TapperObjectiveCUITests/Info.plist;
				LD_RUNPATH_SEARCH_PATHS = "$(inherited) @executable_path/Frameworks @loader_path/Frameworks";
				PRODUCT_BUNDLE_IDENTIFIER = com.github.iMoment.TapperObjectiveCUITests;
				PRODUCT_NAME = "$(TARGET_NAME)";
				TEST_TARGET_NAME = TapperObjectiveC;
			};
			name = Release;
		};
/* End XCBuildConfiguration section */

/* Begin XCConfigurationList section */
		9114B0CA1CF1B27900A015D4 /* Build configuration list for PBXProject "TapperObjectiveC" */ = {
			isa = XCConfigurationList;
			buildConfigurations = (
				9114B0FA1CF1B27900A015D4 /* Debug */,
				9114B0FB1CF1B27900A015D4 /* Release */,
			);
			defaultConfigurationIsVisible = 0;
			defaultConfigurationName = Release;
		};
		9114B0FC1CF1B27900A015D4 /* Build configuration list for PBXNativeTarget "TapperObjectiveC" */ = {
			isa = XCConfigurationList;
			buildConfigurations = (
				9114B0FD1CF1B27900A015D4 /* Debug */,
				9114B0FE1CF1B27900A015D4 /* Release */,
			);
			defaultConfigurationIsVisible = 0;
		};
		9114B0FF1CF1B27900A015D4 /* Build configuration list for PBXNativeTarget "TapperObjectiveCTests" */ = {
			isa = XCConfigurationList;
			buildConfigurations = (
				9114B1001CF1B27900A015D4 /* Debug */,
				9114B1011CF1B27900A015D4 /* Release */,
			);
			defaultConfigurationIsVisible = 0;
		};
		9114B1021CF1B27900A015D4 /* Build configuration list for PBXNativeTarget "TapperObjectiveCUITests" */ = {
			isa = XCConfigurationList;
			buildConfigurations = (
				9114B1031CF1B27900A015D4 /* Debug */,
				9114B1041CF1B27900A015D4 /* Release */,
			);
			defaultConfigurationIsVisible = 0;
		};
/* End XCConfigurationList section */
	};
	rootObject = 9114B0C71CF1B27900A015D4 /* Project object */;
}
